// !$*UTF8*$!
{
	archiveVersion = 1;
	classes = {
	};
	objectVersion = 55;
	objects = {

/* Begin PBXBuildFile section */
		8B365F3A274536C300C5FAA9 /* AppDelegate.swift in Sources */ = {isa = PBXBuildFile; fileRef = 8B365F39274536C300C5FAA9 /* AppDelegate.swift */; };
		8B365F3C274536C300C5FAA9 /* SceneDelegate.swift in Sources */ = {isa = PBXBuildFile; fileRef = 8B365F3B274536C300C5FAA9 /* SceneDelegate.swift */; };
		8B365F3E274536C300C5FAA9 /* ViewController.swift in Sources */ = {isa = PBXBuildFile; fileRef = 8B365F3D274536C300C5FAA9 /* ViewController.swift */; };
		8B365F41274536C300C5FAA9 /* Main.storyboard in Resources */ = {isa = PBXBuildFile; fileRef = 8B365F3F274536C300C5FAA9 /* Main.storyboard */; };
		8B365F43274536C400C5FAA9 /* Assets.xcassets in Resources */ = {isa = PBXBuildFile; fileRef = 8B365F42274536C400C5FAA9 /* Assets.xcassets */; };
		8B365F46274536C400C5FAA9 /* LaunchScreen.storyboard in Resources */ = {isa = PBXBuildFile; fileRef = 8B365F44274536C400C5FAA9 /* LaunchScreen.storyboard */; };
		8B365F6B2746907400C5FAA9 /* ResponseBobyDTO.swift in Sources */ = {isa = PBXBuildFile; fileRef = 8B365F6A2746907400C5FAA9 /* ResponseBobyDTO.swift */; };
		8B365F6D2746907F00C5FAA9 /* DataDTO.swift in Sources */ = {isa = PBXBuildFile; fileRef = 8B365F6C2746907F00C5FAA9 /* DataDTO.swift */; };
		8B365F6F2746908B00C5FAA9 /* CharacterDTO.swift in Sources */ = {isa = PBXBuildFile; fileRef = 8B365F6E2746908B00C5FAA9 /* CharacterDTO.swift */; };
		8B365F712746909800C5FAA9 /* ThumbnailDTO.swift in Sources */ = {isa = PBXBuildFile; fileRef = 8B365F702746909800C5FAA9 /* ThumbnailDTO.swift */; };
		8B365F732746912E00C5FAA9 /* MarvelService.swift in Sources */ = {isa = PBXBuildFile; fileRef = 8B365F722746912E00C5FAA9 /* MarvelService.swift */; };
		8B365F752746916800C5FAA9 /* Error.swift in Sources */ = {isa = PBXBuildFile; fileRef = 8B365F742746916800C5FAA9 /* Error.swift */; };
		8B365F7827469FEB00C5FAA9 /* CryptoSwift in Frameworks */ = {isa = PBXBuildFile; productRef = 8B365F7727469FEB00C5FAA9 /* CryptoSwift */; };
		8B365F7A2746B6C700C5FAA9 /* ComicsDTO.swift in Sources */ = {isa = PBXBuildFile; fileRef = 8B365F792746B6C700C5FAA9 /* ComicsDTO.swift */; };
		8B365F7C2746B75900C5FAA9 /* ResultItemDTO.swift in Sources */ = {isa = PBXBuildFile; fileRef = 8B365F7B2746B75900C5FAA9 /* ResultItemDTO.swift */; };
		9680390A0079A10262DD42B7 /* Pods_MarvelWiki.framework in Frameworks */ = {isa = PBXBuildFile; fileRef = C1598C17BD75254469EB1DC6 /* Pods_MarvelWiki.framework */; };
/* End PBXBuildFile section */

/* Begin PBXFileReference section */
		8B365F36274536C300C5FAA9 /* MarvelWiki.app */ = {isa = PBXFileReference; explicitFileType = wrapper.application; includeInIndex = 0; path = MarvelWiki.app; sourceTree = BUILT_PRODUCTS_DIR; };
		8B365F39274536C300C5FAA9 /* AppDelegate.swift */ = {isa = PBXFileReference; lastKnownFileType = sourcecode.swift; path = AppDelegate.swift; sourceTree = "<group>"; };
		8B365F3B274536C300C5FAA9 /* SceneDelegate.swift */ = {isa = PBXFileReference; lastKnownFileType = sourcecode.swift; path = SceneDelegate.swift; sourceTree = "<group>"; };
		8B365F3D274536C300C5FAA9 /* ViewController.swift */ = {isa = PBXFileReference; lastKnownFileType = sourcecode.swift; path = ViewController.swift; sourceTree = "<group>"; };
		8B365F40274536C300C5FAA9 /* Base */ = {isa = PBXFileReference; lastKnownFileType = file.storyboard; name = Base; path = Base.lproj/Main.storyboard; sourceTree = "<group>"; };
		8B365F42274536C400C5FAA9 /* Assets.xcassets */ = {isa = PBXFileReference; lastKnownFileType = folder.assetcatalog; path = Assets.xcassets; sourceTree = "<group>"; };
		8B365F45274536C400C5FAA9 /* Base */ = {isa = PBXFileReference; lastKnownFileType = file.storyboard; name = Base; path = Base.lproj/LaunchScreen.storyboard; sourceTree = "<group>"; };
		8B365F47274536C400C5FAA9 /* Info.plist */ = {isa = PBXFileReference; lastKnownFileType = text.plist.xml; path = Info.plist; sourceTree = "<group>"; };
		8B365F6A2746907400C5FAA9 /* ResponseBobyDTO.swift */ = {isa = PBXFileReference; lastKnownFileType = sourcecode.swift; path = ResponseBobyDTO.swift; sourceTree = "<group>"; };
		8B365F6C2746907F00C5FAA9 /* DataDTO.swift */ = {isa = PBXFileReference; lastKnownFileType = sourcecode.swift; path = DataDTO.swift; sourceTree = "<group>"; };
		8B365F6E2746908B00C5FAA9 /* CharacterDTO.swift */ = {isa = PBXFileReference; lastKnownFileType = sourcecode.swift; path = CharacterDTO.swift; sourceTree = "<group>"; };
		8B365F702746909800C5FAA9 /* ThumbnailDTO.swift */ = {isa = PBXFileReference; lastKnownFileType = sourcecode.swift; path = ThumbnailDTO.swift; sourceTree = "<group>"; };
		8B365F722746912E00C5FAA9 /* MarvelService.swift */ = {isa = PBXFileReference; lastKnownFileType = sourcecode.swift; path = MarvelService.swift; sourceTree = "<group>"; };
		8B365F742746916800C5FAA9 /* Error.swift */ = {isa = PBXFileReference; lastKnownFileType = sourcecode.swift; path = Error.swift; sourceTree = "<group>"; };
		8B365F792746B6C700C5FAA9 /* ComicsDTO.swift */ = {isa = PBXFileReference; lastKnownFileType = sourcecode.swift; path = ComicsDTO.swift; sourceTree = "<group>"; };
		8B365F7B2746B75900C5FAA9 /* ResultItemDTO.swift */ = {isa = PBXFileReference; lastKnownFileType = sourcecode.swift; path = ResultItemDTO.swift; sourceTree = "<group>"; };
		9B160EE4B9D267CC2FB305B3 /* Pods-MarvelWiki.release.xcconfig */ = {isa = PBXFileReference; includeInIndex = 1; lastKnownFileType = text.xcconfig; name = "Pods-MarvelWiki.release.xcconfig"; path = "Target Support Files/Pods-MarvelWiki/Pods-MarvelWiki.release.xcconfig"; sourceTree = "<group>"; };
		C1598C17BD75254469EB1DC6 /* Pods_MarvelWiki.framework */ = {isa = PBXFileReference; explicitFileType = wrapper.framework; includeInIndex = 0; path = Pods_MarvelWiki.framework; sourceTree = BUILT_PRODUCTS_DIR; };
		E0C36D1AEAFE57F0BA45709A /* Pods-MarvelWiki.debug.xcconfig */ = {isa = PBXFileReference; includeInIndex = 1; lastKnownFileType = text.xcconfig; name = "Pods-MarvelWiki.debug.xcconfig"; path = "Target Support Files/Pods-MarvelWiki/Pods-MarvelWiki.debug.xcconfig"; sourceTree = "<group>"; };
/* End PBXFileReference section */

/* Begin PBXFrameworksBuildPhase section */
		8B365F33274536C300C5FAA9 /* Frameworks */ = {
			isa = PBXFrameworksBuildPhase;
			buildActionMask = 2147483647;
			files = (
				9680390A0079A10262DD42B7 /* Pods_MarvelWiki.framework in Frameworks */,
				8B365F7827469FEB00C5FAA9 /* CryptoSwift in Frameworks */,
			);
			runOnlyForDeploymentPostprocessing = 0;
		};
/* End PBXFrameworksBuildPhase section */

/* Begin PBXGroup section */
		7B85954A9FEE5D41699A30D7 /* Frameworks */ = {
			isa = PBXGroup;
			children = (
				C1598C17BD75254469EB1DC6 /* Pods_MarvelWiki.framework */,
			);
			name = Frameworks;
			sourceTree = "<group>";
		};
		8B365F2D274536C300C5FAA9 = {
			isa = PBXGroup;
			children = (
				8B365F38274536C300C5FAA9 /* MarvelWiki */,
				8B365F37274536C300C5FAA9 /* Products */,
				E1F2A072D5E81C6F9D7CD374 /* Pods */,
				7B85954A9FEE5D41699A30D7 /* Frameworks */,
			);
			sourceTree = "<group>";
		};
		8B365F37274536C300C5FAA9 /* Products */ = {
			isa = PBXGroup;
			children = (
				8B365F36274536C300C5FAA9 /* MarvelWiki.app */,
			);
			name = Products;
			sourceTree = "<group>";
		};
		8B365F38274536C300C5FAA9 /* MarvelWiki */ = {
			isa = PBXGroup;
			children = (
				8B365F812746B9DA00C5FAA9 /* Core */,
				8B365F7E2746B99900C5FAA9 /* Resources */,
				8B365F7D2746B99100C5FAA9 /* App */,
				8B365F3D274536C300C5FAA9 /* ViewController.swift */,
				8B365F47274536C400C5FAA9 /* Info.plist */,
			);
			path = MarvelWiki;
			sourceTree = "<group>";
		};
		8B365F7D2746B99100C5FAA9 /* App */ = {
			isa = PBXGroup;
			children = (
				8B365F39274536C300C5FAA9 /* AppDelegate.swift */,
				8B365F3B274536C300C5FAA9 /* SceneDelegate.swift */,
			);
			path = App;
			sourceTree = "<group>";
		};
		8B365F7E2746B99900C5FAA9 /* Resources */ = {
			isa = PBXGroup;
			children = (
				8B365F3F274536C300C5FAA9 /* Main.storyboard */,
				8B365F42274536C400C5FAA9 /* Assets.xcassets */,
				8B365F44274536C400C5FAA9 /* LaunchScreen.storyboard */,
			);
			path = Resources;
			sourceTree = "<group>";
		};
		8B365F7F2746B9AB00C5FAA9 /* DTO */ = {
			isa = PBXGroup;
			children = (
				8B365F6A2746907400C5FAA9 /* ResponseBobyDTO.swift */,
				8B365F6C2746907F00C5FAA9 /* DataDTO.swift */,
				8B365F6E2746908B00C5FAA9 /* CharacterDTO.swift */,
				8B365F792746B6C700C5FAA9 /* ComicsDTO.swift */,
				8B365F702746909800C5FAA9 /* ThumbnailDTO.swift */,
				8B365F7B2746B75900C5FAA9 /* ResultItemDTO.swift */,
			);
			path = DTO;
			sourceTree = "<group>";
		};
		8B365F802746B9C100C5FAA9 /* Network */ = {
			isa = PBXGroup;
			children = (
				8B365F722746912E00C5FAA9 /* MarvelService.swift */,
				8B365F742746916800C5FAA9 /* Error.swift */,
			);
			path = Network;
			sourceTree = "<group>";
		};
		8B365F812746B9DA00C5FAA9 /* Core */ = {
			isa = PBXGroup;
			children = (
				8B365F7F2746B9AB00C5FAA9 /* DTO */,
				8B365F802746B9C100C5FAA9 /* Network */,
			);
			path = Core;
			sourceTree = "<group>";
		};
		E1F2A072D5E81C6F9D7CD374 /* Pods */ = {
			isa = PBXGroup;
			children = (
				E0C36D1AEAFE57F0BA45709A /* Pods-MarvelWiki.debug.xcconfig */,
				9B160EE4B9D267CC2FB305B3 /* Pods-MarvelWiki.release.xcconfig */,
			);
			path = Pods;
			sourceTree = "<group>";
		};
/* End PBXGroup section */

/* Begin PBXNativeTarget section */
		8B365F35274536C300C5FAA9 /* MarvelWiki */ = {
			isa = PBXNativeTarget;
			buildConfigurationList = 8B365F4A274536C400C5FAA9 /* Build configuration list for PBXNativeTarget "MarvelWiki" */;
			buildPhases = (
				B02A119FD096DF3622848F16 /* [CP] Check Pods Manifest.lock */,
				8B365F32274536C300C5FAA9 /* Sources */,
				8B365F33274536C300C5FAA9 /* Frameworks */,
				8B365F34274536C300C5FAA9 /* Resources */,
			);
			buildRules = (
			);
			dependencies = (
			);
			name = MarvelWiki;
			packageProductDependencies = (
				8B365F7727469FEB00C5FAA9 /* CryptoSwift */,
			);
			productName = MarvelWiki;
			productReference = 8B365F36274536C300C5FAA9 /* MarvelWiki.app */;
			productType = "com.apple.product-type.application";
		};
/* End PBXNativeTarget section */

/* Begin PBXProject section */
		8B365F2E274536C300C5FAA9 /* Project object */ = {
			isa = PBXProject;
			attributes = {
				BuildIndependentTargetsInParallel = 1;
				LastSwiftUpdateCheck = 1310;
				LastUpgradeCheck = 1310;
				TargetAttributes = {
					8B365F35274536C300C5FAA9 = {
						CreatedOnToolsVersion = 13.1;
					};
				};
			};
			buildConfigurationList = 8B365F31274536C300C5FAA9 /* Build configuration list for PBXProject "MarvelWiki" */;
			compatibilityVersion = "Xcode 13.0";
			developmentRegion = en;
			hasScannedForEncodings = 0;
			knownRegions = (
				en,
				Base,
			);
			mainGroup = 8B365F2D274536C300C5FAA9;
			packageReferences = (
				8B365F7627469FEB00C5FAA9 /* XCRemoteSwiftPackageReference "CryptoSwift" */,
			);
			productRefGroup = 8B365F37274536C300C5FAA9 /* Products */;
			projectDirPath = "";
			projectRoot = "";
			targets = (
				8B365F35274536C300C5FAA9 /* MarvelWiki */,
			);
		};
/* End PBXProject section */

/* Begin PBXResourcesBuildPhase section */
		8B365F34274536C300C5FAA9 /* Resources */ = {
			isa = PBXResourcesBuildPhase;
			buildActionMask = 2147483647;
			files = (
				8B365F46274536C400C5FAA9 /* LaunchScreen.storyboard in Resources */,
				8B365F43274536C400C5FAA9 /* Assets.xcassets in Resources */,
				8B365F41274536C300C5FAA9 /* Main.storyboard in Resources */,
			);
			runOnlyForDeploymentPostprocessing = 0;
		};
/* End PBXResourcesBuildPhase section */

/* Begin PBXShellScriptBuildPhase section */
		B02A119FD096DF3622848F16 /* [CP] Check Pods Manifest.lock */ = {
			isa = PBXShellScriptBuildPhase;
			buildActionMask = 2147483647;
			files = (
			);
			inputFileListPaths = (
			);
			inputPaths = (
				"${PODS_PODFILE_DIR_PATH}/Podfile.lock",
				"${PODS_ROOT}/Manifest.lock",
			);
			name = "[CP] Check Pods Manifest.lock";
			outputFileListPaths = (
			);
			outputPaths = (
				"$(DERIVED_FILE_DIR)/Pods-MarvelWiki-checkManifestLockResult.txt",
			);
			runOnlyForDeploymentPostprocessing = 0;
			shellPath = /bin/sh;
			shellScript = "diff \"${PODS_PODFILE_DIR_PATH}/Podfile.lock\" \"${PODS_ROOT}/Manifest.lock\" > /dev/null\nif [ $? != 0 ] ; then\n    # print error to STDERR\n    echo \"error: The sandbox is not in sync with the Podfile.lock. Run 'pod install' or update your CocoaPods installation.\" >&2\n    exit 1\nfi\n# This output is used by Xcode 'outputs' to avoid re-running this script phase.\necho \"SUCCESS\" > \"${SCRIPT_OUTPUT_FILE_0}\"\n";
			showEnvVarsInLog = 0;
		};
/* End PBXShellScriptBuildPhase section */

/* Begin PBXSourcesBuildPhase section */
		8B365F32274536C300C5FAA9 /* Sources */ = {
			isa = PBXSourcesBuildPhase;
			buildActionMask = 2147483647;
			files = (
				8B365F712746909800C5FAA9 /* ThumbnailDTO.swift in Sources */,
				8B365F3E274536C300C5FAA9 /* ViewController.swift in Sources */,
				8B365F7C2746B75900C5FAA9 /* ResultItemDTO.swift in Sources */,
				8B365F3A274536C300C5FAA9 /* AppDelegate.swift in Sources */,
				8B365F732746912E00C5FAA9 /* MarvelService.swift in Sources */,
				8B365F3C274536C300C5FAA9 /* SceneDelegate.swift in Sources */,
				8B365F6F2746908B00C5FAA9 /* CharacterDTO.swift in Sources */,
				8B365F6D2746907F00C5FAA9 /* DataDTO.swift in Sources */,
				8B365F7A2746B6C700C5FAA9 /* ComicsDTO.swift in Sources */,
				8B365F6B2746907400C5FAA9 /* ResponseBobyDTO.swift in Sources */,
				8B365F752746916800C5FAA9 /* Error.swift in Sources */,
			);
			runOnlyForDeploymentPostprocessing = 0;
		};
/* End PBXSourcesBuildPhase section */

/* Begin PBXVariantGroup section */
		8B365F3F274536C300C5FAA9 /* Main.storyboard */ = {
			isa = PBXVariantGroup;
			children = (
				8B365F40274536C300C5FAA9 /* Base */,
			);
			name = Main.storyboard;
			sourceTree = "<group>";
		};
		8B365F44274536C400C5FAA9 /* LaunchScreen.storyboard */ = {
			isa = PBXVariantGroup;
			children = (
				8B365F45274536C400C5FAA9 /* Base */,
			);
			name = LaunchScreen.storyboard;
			sourceTree = "<group>";
		};
/* End PBXVariantGroup section */

/* Begin XCBuildConfiguration section */
		8B365F48274536C400C5FAA9 /* Debug */ = {
			isa = XCBuildConfiguration;
			buildSettings = {
				ALWAYS_SEARCH_USER_PATHS = NO;
				CLANG_ANALYZER_NONNULL = YES;
				CLANG_ANALYZER_NUMBER_OBJECT_CONVERSION = YES_AGGRESSIVE;
				CLANG_CXX_LANGUAGE_STANDARD = "gnu++17";
				CLANG_CXX_LIBRARY = "libc++";
				CLANG_ENABLE_MODULES = YES;
				CLANG_ENABLE_OBJC_ARC = YES;
				CLANG_ENABLE_OBJC_WEAK = YES;
				CLANG_WARN_BLOCK_CAPTURE_AUTORELEASING = YES;
				CLANG_WARN_BOOL_CONVERSION = YES;
				CLANG_WARN_COMMA = YES;
				CLANG_WARN_CONSTANT_CONVERSION = YES;
				CLANG_WARN_DEPRECATED_OBJC_IMPLEMENTATIONS = YES;
				CLANG_WARN_DIRECT_OBJC_ISA_USAGE = YES_ERROR;
				CLANG_WARN_DOCUMENTATION_COMMENTS = YES;
				CLANG_WARN_EMPTY_BODY = YES;
				CLANG_WARN_ENUM_CONVERSION = YES;
				CLANG_WARN_INFINITE_RECURSION = YES;
				CLANG_WARN_INT_CONVERSION = YES;
				CLANG_WARN_NON_LITERAL_NULL_CONVERSION = YES;
				CLANG_WARN_OBJC_IMPLICIT_RETAIN_SELF = YES;
				CLANG_WARN_OBJC_LITERAL_CONVERSION = YES;
				CLANG_WARN_OBJC_ROOT_CLASS = YES_ERROR;
				CLANG_WARN_QUOTED_INCLUDE_IN_FRAMEWORK_HEADER = YES;
				CLANG_WARN_RANGE_LOOP_ANALYSIS = YES;
				CLANG_WARN_STRICT_PROTOTYPES = YES;
				CLANG_WARN_SUSPICIOUS_MOVE = YES;
				CLANG_WARN_UNGUARDED_AVAILABILITY = YES_AGGRESSIVE;
				CLANG_WARN_UNREACHABLE_CODE = YES;
				CLANG_WARN__DUPLICATE_METHOD_MATCH = YES;
				COPY_PHASE_STRIP = NO;
				DEBUG_INFORMATION_FORMAT = dwarf;
				ENABLE_STRICT_OBJC_MSGSEND = YES;
				ENABLE_TESTABILITY = YES;
				GCC_C_LANGUAGE_STANDARD = gnu11;
				GCC_DYNAMIC_NO_PIC = NO;
				GCC_NO_COMMON_BLOCKS = YES;
				GCC_OPTIMIZATION_LEVEL = 0;
				GCC_PREPROCESSOR_DEFINITIONS = (
					"DEBUG=1",
					"$(inherited)",
				);
				GCC_WARN_64_TO_32_BIT_CONVERSION = YES;
				GCC_WARN_ABOUT_RETURN_TYPE = YES_ERROR;
				GCC_WARN_UNDECLARED_SELECTOR = YES;
				GCC_WARN_UNINITIALIZED_AUTOS = YES_AGGRESSIVE;
				GCC_WARN_UNUSED_FUNCTION = YES;
				GCC_WARN_UNUSED_VARIABLE = YES;
				IPHONEOS_DEPLOYMENT_TARGET = 15.0;
				MTL_ENABLE_DEBUG_INFO = INCLUDE_SOURCE;
				MTL_FAST_MATH = YES;
				ONLY_ACTIVE_ARCH = YES;
				SDKROOT = iphoneos;
				SWIFT_ACTIVE_COMPILATION_CONDITIONS = DEBUG;
				SWIFT_OPTIMIZATION_LEVEL = "-Onone";
			};
			name = Debug;
		};
		8B365F49274536C400C5FAA9 /* Release */ = {
			isa = XCBuildConfiguration;
			buildSettings = {
				ALWAYS_SEARCH_USER_PATHS = NO;
				CLANG_ANALYZER_NONNULL = YES;
				CLANG_ANALYZER_NUMBER_OBJECT_CONVERSION = YES_AGGRESSIVE;
				CLANG_CXX_LANGUAGE_STANDARD = "gnu++17";
				CLANG_CXX_LIBRARY = "libc++";
				CLANG_ENABLE_MODULES = YES;
				CLANG_ENABLE_OBJC_ARC = YES;
				CLANG_ENABLE_OBJC_WEAK = YES;
				CLANG_WARN_BLOCK_CAPTURE_AUTORELEASING = YES;
				CLANG_WARN_BOOL_CONVERSION = YES;
				CLANG_WARN_COMMA = YES;
				CLANG_WARN_CONSTANT_CONVERSION = YES;
				CLANG_WARN_DEPRECATED_OBJC_IMPLEMENTATIONS = YES;
				CLANG_WARN_DIRECT_OBJC_ISA_USAGE = YES_ERROR;
				CLANG_WARN_DOCUMENTATION_COMMENTS = YES;
				CLANG_WARN_EMPTY_BODY = YES;
				CLANG_WARN_ENUM_CONVERSION = YES;
				CLANG_WARN_INFINITE_RECURSION = YES;
				CLANG_WARN_INT_CONVERSION = YES;
				CLANG_WARN_NON_LITERAL_NULL_CONVERSION = YES;
				CLANG_WARN_OBJC_IMPLICIT_RETAIN_SELF = YES;
				CLANG_WARN_OBJC_LITERAL_CONVERSION = YES;
				CLANG_WARN_OBJC_ROOT_CLASS = YES_ERROR;
				CLANG_WARN_QUOTED_INCLUDE_IN_FRAMEWORK_HEADER = YES;
				CLANG_WARN_RANGE_LOOP_ANALYSIS = YES;
				CLANG_WARN_STRICT_PROTOTYPES = YES;
				CLANG_WARN_SUSPICIOUS_MOVE = YES;
				CLANG_WARN_UNGUARDED_AVAILABILITY = YES_AGGRESSIVE;
				CLANG_WARN_UNREACHABLE_CODE = YES;
				CLANG_WARN__DUPLICATE_METHOD_MATCH = YES;
				COPY_PHASE_STRIP = NO;
				DEBUG_INFORMATION_FORMAT = "dwarf-with-dsym";
				ENABLE_NS_ASSERTIONS = NO;
				ENABLE_STRICT_OBJC_MSGSEND = YES;
				GCC_C_LANGUAGE_STANDARD = gnu11;
				GCC_NO_COMMON_BLOCKS = YES;
				GCC_WARN_64_TO_32_BIT_CONVERSION = YES;
				GCC_WARN_ABOUT_RETURN_TYPE = YES_ERROR;
				GCC_WARN_UNDECLARED_SELECTOR = YES;
				GCC_WARN_UNINITIALIZED_AUTOS = YES_AGGRESSIVE;
				GCC_WARN_UNUSED_FUNCTION = YES;
				GCC_WARN_UNUSED_VARIABLE = YES;
				IPHONEOS_DEPLOYMENT_TARGET = 15.0;
				MTL_ENABLE_DEBUG_INFO = NO;
				MTL_FAST_MATH = YES;
				SDKROOT = iphoneos;
				SWIFT_COMPILATION_MODE = wholemodule;
				SWIFT_OPTIMIZATION_LEVEL = "-O";
				VALIDATE_PRODUCT = YES;
			};
			name = Release;
		};
		8B365F4B274536C400C5FAA9 /* Debug */ = {
			isa = XCBuildConfiguration;
			baseConfigurationReference = E0C36D1AEAFE57F0BA45709A /* Pods-MarvelWiki.debug.xcconfig */;
			buildSettings = {
				ASSETCATALOG_COMPILER_APPICON_NAME = AppIcon;
				ASSETCATALOG_COMPILER_GLOBAL_ACCENT_COLOR_NAME = AccentColor;
				CODE_SIGN_STYLE = Automatic;
				CURRENT_PROJECT_VERSION = 1;
				DEVELOPMENT_TEAM = X6GH7HXG96;
				GENERATE_INFOPLIST_FILE = YES;
				INFOPLIST_FILE = MarvelWiki/Info.plist;
				INFOPLIST_KEY_UIApplicationSupportsIndirectInputEvents = YES;
				INFOPLIST_KEY_UILaunchStoryboardName = LaunchScreen;
				INFOPLIST_KEY_UIMainStoryboardFile = Main;
				INFOPLIST_KEY_UISupportedInterfaceOrientations_iPad = "UIInterfaceOrientationPortrait UIInterfaceOrientationPortraitUpsideDown UIInterfaceOrientationLandscapeLeft UIInterfaceOrientationLandscapeRight";
				INFOPLIST_KEY_UISupportedInterfaceOrientations_iPhone = "UIInterfaceOrientationPortrait UIInterfaceOrientationLandscapeLeft UIInterfaceOrientationLandscapeRight";
				LD_RUNPATH_SEARCH_PATHS = (
					"$(inherited)",
					"@executable_path/Frameworks",
				);
				MARKETING_VERSION = 1.0;
				PRODUCT_BUNDLE_IDENTIFIER = kopytinka.MarvelWiki;
				PRODUCT_NAME = "$(TARGET_NAME)";
				SWIFT_EMIT_LOC_STRINGS = YES;
				SWIFT_VERSION = 5.0;
				TARGETED_DEVICE_FAMILY = "1,2";
			};
			name = Debug;
		};
		8B365F4C274536C400C5FAA9 /* Release */ = {
			isa = XCBuildConfiguration;
			baseConfigurationReference = 9B160EE4B9D267CC2FB305B3 /* Pods-MarvelWiki.release.xcconfig */;
			buildSettings = {
				ASSETCATALOG_COMPILER_APPICON_NAME = AppIcon;
				ASSETCATALOG_COMPILER_GLOBAL_ACCENT_COLOR_NAME = AccentColor;
				CODE_SIGN_STYLE = Automatic;
				CURRENT_PROJECT_VERSION = 1;
				DEVELOPMENT_TEAM = X6GH7HXG96;
				GENERATE_INFOPLIST_FILE = YES;
				INFOPLIST_FILE = MarvelWiki/Info.plist;
				INFOPLIST_KEY_UIApplicationSupportsIndirectInputEvents = YES;
				INFOPLIST_KEY_UILaunchStoryboardName = LaunchScreen;
				INFOPLIST_KEY_UIMainStoryboardFile = Main;
				INFOPLIST_KEY_UISupportedInterfaceOrientations_iPad = "UIInterfaceOrientationPortrait UIInterfaceOrientationPortraitUpsideDown UIInterfaceOrientationLandscapeLeft UIInterfaceOrientationLandscapeRight";
				INFOPLIST_KEY_UISupportedInterfaceOrientations_iPhone = "UIInterfaceOrientationPortrait UIInterfaceOrientationLandscapeLeft UIInterfaceOrientationLandscapeRight";
				LD_RUNPATH_SEARCH_PATHS = (
					"$(inherited)",
					"@executable_path/Frameworks",
				);
				MARKETING_VERSION = 1.0;
				PRODUCT_BUNDLE_IDENTIFIER = kopytinka.MarvelWiki;
				PRODUCT_NAME = "$(TARGET_NAME)";
				SWIFT_EMIT_LOC_STRINGS = YES;
				SWIFT_VERSION = 5.0;
				TARGETED_DEVICE_FAMILY = "1,2";
			};
			name = Release;
		};
/* End XCBuildConfiguration section */

/* Begin XCConfigurationList section */
		8B365F31274536C300C5FAA9 /* Build configuration list for PBXProject "MarvelWiki" */ = {
			isa = XCConfigurationList;
			buildConfigurations = (
				8B365F48274536C400C5FAA9 /* Debug */,
				8B365F49274536C400C5FAA9 /* Release */,
			);
			defaultConfigurationIsVisible = 0;
			defaultConfigurationName = Release;
		};
		8B365F4A274536C400C5FAA9 /* Build configuration list for PBXNativeTarget "MarvelWiki" */ = {
			isa = XCConfigurationList;
			buildConfigurations = (
				8B365F4B274536C400C5FAA9 /* Debug */,
				8B365F4C274536C400C5FAA9 /* Release */,
			);
			defaultConfigurationIsVisible = 0;
			defaultConfigurationName = Release;
		};
/* End XCConfigurationList section */

/* Begin XCRemoteSwiftPackageReference section */
		8B365F7627469FEB00C5FAA9 /* XCRemoteSwiftPackageReference "CryptoSwift" */ = {
			isa = XCRemoteSwiftPackageReference;
			repositoryURL = "https://github.com/krzyzanowskim/CryptoSwift";
			requirement = {
				branch = main;
				kind = branch;
			};
		};
/* End XCRemoteSwiftPackageReference section */

/* Begin XCSwiftPackageProductDependency section */
		8B365F7727469FEB00C5FAA9 /* CryptoSwift */ = {
			isa = XCSwiftPackageProductDependency;
			package = 8B365F7627469FEB00C5FAA9 /* XCRemoteSwiftPackageReference "CryptoSwift" */;
			productName = CryptoSwift;
		};
/* End XCSwiftPackageProductDependency section */
	};
	rootObject = 8B365F2E274536C300C5FAA9 /* Project object */;
}
